# generated by rye
# use `rye lock` or `rye sync` to update this lockfile
#
# last locked with the following flags:
#   pre: false
#   features: []
#   all-features: false
#   with-sources: false

-e file:.
certifi==2024.7.4
    # via requests
charset-normalizer==3.3.2
    # via requests
gpt4all==2.8.2
    # via tem
idna==3.7
    # via requests
jedi==0.19.1
    # via pudb
nvidia-cublas-cu12==12.6.0.22
    # via tem
nvidia-cuda-runtime-cu12==12.6.37
    # via tem
packaging==24.1
    # via pudb
parso==0.8.4
    # via jedi
pudb==2024.1.2
    # via tem
pygments==2.18.0
    # via pudb
requests==2.32.3
    # via gpt4all
tqdm==4.66.5
    # via gpt4all
typing-extensions==4.12.2
    # via gpt4all
    # via urwid
urllib3==2.2.2
    # via requests
urwid==2.6.15
    # via pudb
    # via urwid-readline
urwid-readline==0.14
    # via pudb
wcwidth==0.2.13
    # via urwid
